
Microsoft Visual Studio Solution File, Format Version 12.00
# Visual Studio Version 16
VisualStudioVersion = 16.0.31624.102
MinimumVisualStudioVersion = 10.0.40219.1
Project("{FAE04EC0-301F-11D3-BF4B-00C04F79EFBC}") = "ConsoleApp1", "ConsoleApp1\ConsoleApp1.csproj", "{CBC159FF-A30D-4B2A-80CC-5973C30D3101}"
EndProject
Global
	GlobalSection(SolutionConfigurationPlatforms) = preSolution
		Debug|Any CPU = Debug|Any CPU
		Release|Any CPU = Release|Any CPU
	EndGlobalSection
	GlobalSection(ProjectConfigurationPlatforms) = postSolution
		{CBC159FF-A30D-4B2A-80CC-5973C30D3101}.Debug|Any CPU.ActiveCfg = Debug|Any CPU
		{CBC159FF-A30D-4B2A-80CC-5973C30D3101}.Debug|Any CPU.Build.0 = Debug|Any CPU
		{CBC159FF-A30D-4B2A-80CC-5973C30D3101}.Release|Any CPU.ActiveCfg = Release|Any CPU
		{CBC159FF-A30D-4B2A-80CC-5973C30D3101}.Release|Any CPU.Build.0 = Release|Any CPU
	EndGlobalSection
	GlobalSection(SolutionProperties) = preSolution
		HideSolutionNode = FALSE
	EndGlobalSection
	GlobalSection(ExtensibilityGlobals) = postSolution
		SolutionGuid = {C79BB293-074F-485F-AA3D-F1E4D01AD1AD}
	EndGlobalSection
EndGlobal
