
Microsoft Visual Studio Solution File, Format Version 12.00
# Visual Studio Version 16
VisualStudioVersion = 16.0.31624.102
MinimumVisualStudioVersion = 10.0.40219.1
Project("{FAE04EC0-301F-11D3-BF4B-00C04F79EFBC}") = "WindowsFormsApp3", "WindowsFormsApp3\WindowsFormsApp3.csproj", "{2C098910-17AA-4FF5-8705-AAE76B928C85}"
EndProject
Global
	GlobalSection(SolutionConfigurationPlatforms) = preSolution
		Debug|Any CPU = Debug|Any CPU
		Release|Any CPU = Release|Any CPU
	EndGlobalSection
	GlobalSection(ProjectConfigurationPlatforms) = postSolution
		{2C098910-17AA-4FF5-8705-AAE76B928C85}.Debug|Any CPU.ActiveCfg = Debug|Any CPU
		{2C098910-17AA-4FF5-8705-AAE76B928C85}.Debug|Any CPU.Build.0 = Debug|Any CPU
		{2C098910-17AA-4FF5-8705-AAE76B928C85}.Release|Any CPU.ActiveCfg = Release|Any CPU
		{2C098910-17AA-4FF5-8705-AAE76B928C85}.Release|Any CPU.Build.0 = Release|Any CPU
	EndGlobalSection
	GlobalSection(SolutionProperties) = preSolution
		HideSolutionNode = FALSE
	EndGlobalSection
	GlobalSection(ExtensibilityGlobals) = postSolution
		SolutionGuid = {EA6A3BF6-3714-4A14-9211-B33F152C6F0E}
	EndGlobalSection
EndGlobal
