
Microsoft Visual Studio Solution File, Format Version 12.00
# Visual Studio Version 16
VisualStudioVersion = 16.0.31624.102
MinimumVisualStudioVersion = 10.0.40219.1
Project("{FAE04EC0-301F-11D3-BF4B-00C04F79EFBC}") = "WindowsFormsApp3", "WindowsFormsApp3\WindowsFormsApp3.csproj", "{C60B4D7D-584F-4E72-BA9C-280A376DCA1E}"
EndProject
Global
	GlobalSection(SolutionConfigurationPlatforms) = preSolution
		Debug|Any CPU = Debug|Any CPU
		Release|Any CPU = Release|Any CPU
	EndGlobalSection
	GlobalSection(ProjectConfigurationPlatforms) = postSolution
		{C60B4D7D-584F-4E72-BA9C-280A376DCA1E}.Debug|Any CPU.ActiveCfg = Debug|Any CPU
		{C60B4D7D-584F-4E72-BA9C-280A376DCA1E}.Debug|Any CPU.Build.0 = Debug|Any CPU
		{C60B4D7D-584F-4E72-BA9C-280A376DCA1E}.Release|Any CPU.ActiveCfg = Release|Any CPU
		{C60B4D7D-584F-4E72-BA9C-280A376DCA1E}.Release|Any CPU.Build.0 = Release|Any CPU
	EndGlobalSection
	GlobalSection(SolutionProperties) = preSolution
		HideSolutionNode = FALSE
	EndGlobalSection
	GlobalSection(ExtensibilityGlobals) = postSolution
		SolutionGuid = {E903FB71-8651-4764-96E9-1AC3C82310DA}
	EndGlobalSection
EndGlobal
