
Microsoft Visual Studio Solution File, Format Version 12.00
# Visual Studio 14
VisualStudioVersion = 14.0.25420.1
MinimumVisualStudioVersion = 10.0.40219.1
Project("{FAE04EC0-301F-11D3-BF4B-00C04F79EFBC}") = "WindowsFormsApp3", "WindowsFormsApp3\WindowsFormsApp3.csproj", "{10EEF275-E9EA-4D21-BE29-D17DA4DC27CF}"
EndProject
Global
	GlobalSection(SolutionConfigurationPlatforms) = preSolution
		Debug|Any CPU = Debug|Any CPU
		Release|Any CPU = Release|Any CPU
	EndGlobalSection
	GlobalSection(ProjectConfigurationPlatforms) = postSolution
		{10EEF275-E9EA-4D21-BE29-D17DA4DC27CF}.Debug|Any CPU.ActiveCfg = Debug|Any CPU
		{10EEF275-E9EA-4D21-BE29-D17DA4DC27CF}.Debug|Any CPU.Build.0 = Debug|Any CPU
		{10EEF275-E9EA-4D21-BE29-D17DA4DC27CF}.Release|Any CPU.ActiveCfg = Release|Any CPU
		{10EEF275-E9EA-4D21-BE29-D17DA4DC27CF}.Release|Any CPU.Build.0 = Release|Any CPU
	EndGlobalSection
	GlobalSection(SolutionProperties) = preSolution
		HideSolutionNode = FALSE
	EndGlobalSection
	GlobalSection(ExtensibilityGlobals) = postSolution
		SolutionGuid = {E95887F5-E6DB-4231-B295-A910F4FEB4D4}
	EndGlobalSection
EndGlobal
